// !$*UTF8*$!
{
	archiveVersion = 1;
	classes = {
	};
	objectVersion = 50;
	objects = {

/* Begin PBXBuildFile section */
		003068B70728D7A645321A5F /* Pods_Snapchat_SnapchatUITests.framework in Frameworks */ = {isa = PBXBuildFile; fileRef = CB5511FD9F6A7985A324044B /* Pods_Snapchat_SnapchatUITests.framework */; };
		361F605F26719390002E0A55 /* AppDelegate.swift in Sources */ = {isa = PBXBuildFile; fileRef = 361F605E26719390002E0A55 /* AppDelegate.swift */; };
		361F606126719390002E0A55 /* SceneDelegate.swift in Sources */ = {isa = PBXBuildFile; fileRef = 361F606026719390002E0A55 /* SceneDelegate.swift */; };
		361F606326719390002E0A55 /* ViewController.swift in Sources */ = {isa = PBXBuildFile; fileRef = 361F606226719390002E0A55 /* ViewController.swift */; };
		361F606626719390002E0A55 /* Main.storyboard in Resources */ = {isa = PBXBuildFile; fileRef = 361F606426719390002E0A55 /* Main.storyboard */; };
		361F606826719392002E0A55 /* Assets.xcassets in Resources */ = {isa = PBXBuildFile; fileRef = 361F606726719392002E0A55 /* Assets.xcassets */; };
		361F606B26719392002E0A55 /* LaunchScreen.storyboard in Resources */ = {isa = PBXBuildFile; fileRef = 361F606926719392002E0A55 /* LaunchScreen.storyboard */; };
		361F607626719392002E0A55 /* SnapchatTests.swift in Sources */ = {isa = PBXBuildFile; fileRef = 361F607526719392002E0A55 /* SnapchatTests.swift */; };
		361F608126719392002E0A55 /* SnapchatUITests.swift in Sources */ = {isa = PBXBuildFile; fileRef = 361F608026719392002E0A55 /* SnapchatUITests.swift */; };
		361F60952671949B002E0A55 /* GoogleService-Info.plist in Resources */ = {isa = PBXBuildFile; fileRef = 361F60942671949B002E0A55 /* GoogleService-Info.plist */; };
		B5E0E800CB6C08DF539F6ED1 /* Pods_SnapchatTests.framework in Frameworks */ = {isa = PBXBuildFile; fileRef = 3A768F55A213DCD2AF79C0E6 /* Pods_SnapchatTests.framework */; };
		E2849CB79C6AB30CAEC571FA /* Pods_Snapchat.framework in Frameworks */ = {isa = PBXBuildFile; fileRef = 6D0D4BB0D7262EC1A651FF09 /* Pods_Snapchat.framework */; };
/* End PBXBuildFile section */

/* Begin PBXContainerItemProxy section */
		361F607226719392002E0A55 /* PBXContainerItemProxy */ = {
			isa = PBXContainerItemProxy;
			containerPortal = 361F605326719390002E0A55 /* Project object */;
			proxyType = 1;
			remoteGlobalIDString = 361F605A26719390002E0A55;
			remoteInfo = Snapchat;
		};
		361F607D26719392002E0A55 /* PBXContainerItemProxy */ = {
			isa = PBXContainerItemProxy;
			containerPortal = 361F605326719390002E0A55 /* Project object */;
			proxyType = 1;
			remoteGlobalIDString = 361F605A26719390002E0A55;
			remoteInfo = Snapchat;
		};
/* End PBXContainerItemProxy section */

/* Begin PBXFileReference section */
		361F605B26719390002E0A55 /* Snapchat.app */ = {isa = PBXFileReference; explicitFileType = wrapper.application; includeInIndex = 0; path = Snapchat.app; sourceTree = BUILT_PRODUCTS_DIR; };
		361F605E26719390002E0A55 /* AppDelegate.swift */ = {isa = PBXFileReference; lastKnownFileType = sourcecode.swift; path = AppDelegate.swift; sourceTree = "<group>"; };
		361F606026719390002E0A55 /* SceneDelegate.swift */ = {isa = PBXFileReference; lastKnownFileType = sourcecode.swift; path = SceneDelegate.swift; sourceTree = "<group>"; };
		361F606226719390002E0A55 /* ViewController.swift */ = {isa = PBXFileReference; lastKnownFileType = sourcecode.swift; path = ViewController.swift; sourceTree = "<group>"; };
		361F606526719390002E0A55 /* Base */ = {isa = PBXFileReference; lastKnownFileType = file.storyboard; name = Base; path = Base.lproj/Main.storyboard; sourceTree = "<group>"; };
		361F606726719392002E0A55 /* Assets.xcassets */ = {isa = PBXFileReference; lastKnownFileType = folder.assetcatalog; path = Assets.xcassets; sourceTree = "<group>"; };
		361F606A26719392002E0A55 /* Base */ = {isa = PBXFileReference; lastKnownFileType = file.storyboard; name = Base; path = Base.lproj/LaunchScreen.storyboard; sourceTree = "<group>"; };
		361F606C26719392002E0A55 /* Info.plist */ = {isa = PBXFileReference; lastKnownFileType = text.plist.xml; path = Info.plist; sourceTree = "<group>"; };
		361F607126719392002E0A55 /* SnapchatTests.xctest */ = {isa = PBXFileReference; explicitFileType = wrapper.cfbundle; includeInIndex = 0; path = SnapchatTests.xctest; sourceTree = BUILT_PRODUCTS_DIR; };
		361F607526719392002E0A55 /* SnapchatTests.swift */ = {isa = PBXFileReference; lastKnownFileType = sourcecode.swift; path = SnapchatTests.swift; sourceTree = "<group>"; };
		361F607726719392002E0A55 /* Info.plist */ = {isa = PBXFileReference; lastKnownFileType = text.plist.xml; path = Info.plist; sourceTree = "<group>"; };
		361F607C26719392002E0A55 /* SnapchatUITests.xctest */ = {isa = PBXFileReference; explicitFileType = wrapper.cfbundle; includeInIndex = 0; path = SnapchatUITests.xctest; sourceTree = BUILT_PRODUCTS_DIR; };
		361F608026719392002E0A55 /* SnapchatUITests.swift */ = {isa = PBXFileReference; lastKnownFileType = sourcecode.swift; path = SnapchatUITests.swift; sourceTree = "<group>"; };
		361F608226719392002E0A55 /* Info.plist */ = {isa = PBXFileReference; lastKnownFileType = text.plist.xml; path = Info.plist; sourceTree = "<group>"; };
		361F60942671949B002E0A55 /* GoogleService-Info.plist */ = {isa = PBXFileReference; fileEncoding = 4; lastKnownFileType = text.plist.xml; path = "GoogleService-Info.plist"; sourceTree = "<group>"; };
		3A768F55A213DCD2AF79C0E6 /* Pods_SnapchatTests.framework */ = {isa = PBXFileReference; explicitFileType = wrapper.framework; includeInIndex = 0; path = Pods_SnapchatTests.framework; sourceTree = BUILT_PRODUCTS_DIR; };
		462E79021D163F262273AF4B /* Pods-Snapchat-SnapchatUITests.release.xcconfig */ = {isa = PBXFileReference; includeInIndex = 1; lastKnownFileType = text.xcconfig; name = "Pods-Snapchat-SnapchatUITests.release.xcconfig"; path = "Target Support Files/Pods-Snapchat-SnapchatUITests/Pods-Snapchat-SnapchatUITests.release.xcconfig"; sourceTree = "<group>"; };
		4735EBA80B71FB5DFC13B964 /* Pods-Snapchat.release.xcconfig */ = {isa = PBXFileReference; includeInIndex = 1; lastKnownFileType = text.xcconfig; name = "Pods-Snapchat.release.xcconfig"; path = "Target Support Files/Pods-Snapchat/Pods-Snapchat.release.xcconfig"; sourceTree = "<group>"; };
		6D0D4BB0D7262EC1A651FF09 /* Pods_Snapchat.framework */ = {isa = PBXFileReference; explicitFileType = wrapper.framework; includeInIndex = 0; path = Pods_Snapchat.framework; sourceTree = BUILT_PRODUCTS_DIR; };
		80C3B1341D7D0D7C7563A43F /* Pods-SnapchatTests.debug.xcconfig */ = {isa = PBXFileReference; includeInIndex = 1; lastKnownFileType = text.xcconfig; name = "Pods-SnapchatTests.debug.xcconfig"; path = "Target Support Files/Pods-SnapchatTests/Pods-SnapchatTests.debug.xcconfig"; sourceTree = "<group>"; };
		8DCA9B9B1F59005B6148AF14 /* Pods-SnapchatTests.release.xcconfig */ = {isa = PBXFileReference; includeInIndex = 1; lastKnownFileType = text.xcconfig; name = "Pods-SnapchatTests.release.xcconfig"; path = "Target Support Files/Pods-SnapchatTests/Pods-SnapchatTests.release.xcconfig"; sourceTree = "<group>"; };
		CB5511FD9F6A7985A324044B /* Pods_Snapchat_SnapchatUITests.framework */ = {isa = PBXFileReference; explicitFileType = wrapper.framework; includeInIndex = 0; path = Pods_Snapchat_SnapchatUITests.framework; sourceTree = BUILT_PRODUCTS_DIR; };
		D500C6E7E51FE89E19A78A95 /* Pods-Snapchat.debug.xcconfig */ = {isa = PBXFileReference; includeInIndex = 1; lastKnownFileType = text.xcconfig; name = "Pods-Snapchat.debug.xcconfig"; path = "Target Support Files/Pods-Snapchat/Pods-Snapchat.debug.xcconfig"; sourceTree = "<group>"; };
		EB430FB4B2567DB7892838B4 /* Pods-Snapchat-SnapchatUITests.debug.xcconfig */ = {isa = PBXFileReference; includeInIndex = 1; lastKnownFileType = text.xcconfig; name = "Pods-Snapchat-SnapchatUITests.debug.xcconfig"; path = "Target Support Files/Pods-Snapchat-SnapchatUITests/Pods-Snapchat-SnapchatUITests.debug.xcconfig"; sourceTree = "<group>"; };
/* End PBXFileReference section */

/* Begin PBXFrameworksBuildPhase section */
		361F605826719390002E0A55 /* Frameworks */ = {
			isa = PBXFrameworksBuildPhase;
			buildActionMask = 2147483647;
			files = (
				E2849CB79C6AB30CAEC571FA /* Pods_Snapchat.framework in Frameworks */,
			);
			runOnlyForDeploymentPostprocessing = 0;
		};
		361F606E26719392002E0A55 /* Frameworks */ = {
			isa = PBXFrameworksBuildPhase;
			buildActionMask = 2147483647;
			files = (
				B5E0E800CB6C08DF539F6ED1 /* Pods_SnapchatTests.framework in Frameworks */,
			);
			runOnlyForDeploymentPostprocessing = 0;
		};
		361F607926719392002E0A55 /* Frameworks */ = {
			isa = PBXFrameworksBuildPhase;
			buildActionMask = 2147483647;
			files = (
				003068B70728D7A645321A5F /* Pods_Snapchat_SnapchatUITests.framework in Frameworks */,
			);
			runOnlyForDeploymentPostprocessing = 0;
		};
/* End PBXFrameworksBuildPhase section */

/* Begin PBXGroup section */
		361F605226719390002E0A55 = {
			isa = PBXGroup;
			children = (
				361F605D26719390002E0A55 /* Snapchat */,
				361F607426719392002E0A55 /* SnapchatTests */,
				361F607F26719392002E0A55 /* SnapchatUITests */,
				361F605C26719390002E0A55 /* Products */,
				911D6C75E06848ED794018BA /* Pods */,
				F9F5B8B4EDB1E2865F70CE4D /* Frameworks */,
			);
			sourceTree = "<group>";
		};
		361F605C26719390002E0A55 /* Products */ = {
			isa = PBXGroup;
			children = (
				361F605B26719390002E0A55 /* Snapchat.app */,
				361F607126719392002E0A55 /* SnapchatTests.xctest */,
				361F607C26719392002E0A55 /* SnapchatUITests.xctest */,
			);
			name = Products;
			sourceTree = "<group>";
		};
		361F605D26719390002E0A55 /* Snapchat */ = {
			isa = PBXGroup;
			children = (
				361F605E26719390002E0A55 /* AppDelegate.swift */,
				361F606026719390002E0A55 /* SceneDelegate.swift */,
				361F606226719390002E0A55 /* ViewController.swift */,
				361F606426719390002E0A55 /* Main.storyboard */,
				361F606726719392002E0A55 /* Assets.xcassets */,
				361F606926719392002E0A55 /* LaunchScreen.storyboard */,
				361F60942671949B002E0A55 /* GoogleService-Info.plist */,
				361F606C26719392002E0A55 /* Info.plist */,
			);
			path = Snapchat;
			sourceTree = "<group>";
		};
		361F607426719392002E0A55 /* SnapchatTests */ = {
			isa = PBXGroup;
			children = (
				361F607526719392002E0A55 /* SnapchatTests.swift */,
				361F607726719392002E0A55 /* Info.plist */,
			);
			path = SnapchatTests;
			sourceTree = "<group>";
		};
		361F607F26719392002E0A55 /* SnapchatUITests */ = {
			isa = PBXGroup;
			children = (
				361F608026719392002E0A55 /* SnapchatUITests.swift */,
				361F608226719392002E0A55 /* Info.plist */,
			);
			path = SnapchatUITests;
			sourceTree = "<group>";
		};
		911D6C75E06848ED794018BA /* Pods */ = {
			isa = PBXGroup;
			children = (
				D500C6E7E51FE89E19A78A95 /* Pods-Snapchat.debug.xcconfig */,
				4735EBA80B71FB5DFC13B964 /* Pods-Snapchat.release.xcconfig */,
				EB430FB4B2567DB7892838B4 /* Pods-Snapchat-SnapchatUITests.debug.xcconfig */,
				462E79021D163F262273AF4B /* Pods-Snapchat-SnapchatUITests.release.xcconfig */,
				80C3B1341D7D0D7C7563A43F /* Pods-SnapchatTests.debug.xcconfig */,
				8DCA9B9B1F59005B6148AF14 /* Pods-SnapchatTests.release.xcconfig */,
			);
			name = Pods;
			path = Pods;
			sourceTree = "<group>";
		};
		F9F5B8B4EDB1E2865F70CE4D /* Frameworks */ = {
			isa = PBXGroup;
			children = (
				6D0D4BB0D7262EC1A651FF09 /* Pods_Snapchat.framework */,
				CB5511FD9F6A7985A324044B /* Pods_Snapchat_SnapchatUITests.framework */,
				3A768F55A213DCD2AF79C0E6 /* Pods_SnapchatTests.framework */,
			);
			name = Frameworks;
			sourceTree = "<group>";
		};
/* End PBXGroup section */

/* Begin PBXNativeTarget section */
		361F605A26719390002E0A55 /* Snapchat */ = {
			isa = PBXNativeTarget;
			buildConfigurationList = 361F608526719392002E0A55 /* Build configuration list for PBXNativeTarget "Snapchat" */;
			buildPhases = (
				9445C8C809064F024541D53E /* [CP] Check Pods Manifest.lock */,
				361F605726719390002E0A55 /* Sources */,
				361F605826719390002E0A55 /* Frameworks */,
				361F605926719390002E0A55 /* Resources */,
				C9242D4CAA8ED3CC0AC069ED /* [CP] Embed Pods Frameworks */,
			);
			buildRules = (
			);
			dependencies = (
			);
			name = Snapchat;
			productName = Snapchat;
			productReference = 361F605B26719390002E0A55 /* Snapchat.app */;
			productType = "com.apple.product-type.application";
		};
		361F607026719392002E0A55 /* SnapchatTests */ = {
			isa = PBXNativeTarget;
			buildConfigurationList = 361F608826719392002E0A55 /* Build configuration list for PBXNativeTarget "SnapchatTests" */;
			buildPhases = (
				CDB0ECA70767452A1519E827 /* [CP] Check Pods Manifest.lock */,
				361F606D26719392002E0A55 /* Sources */,
				361F606E26719392002E0A55 /* Frameworks */,
				361F606F26719392002E0A55 /* Resources */,
			);
			buildRules = (
			);
			dependencies = (
				361F607326719392002E0A55 /* PBXTargetDependency */,
			);
			name = SnapchatTests;
			productName = SnapchatTests;
			productReference = 361F607126719392002E0A55 /* SnapchatTests.xctest */;
			productType = "com.apple.product-type.bundle.unit-test";
		};
		361F607B26719392002E0A55 /* SnapchatUITests */ = {
			isa = PBXNativeTarget;
			buildConfigurationList = 361F608B26719392002E0A55 /* Build configuration list for PBXNativeTarget "SnapchatUITests" */;
			buildPhases = (
				DC6D56D068F67FA52533BDF3 /* [CP] Check Pods Manifest.lock */,
				361F607826719392002E0A55 /* Sources */,
				361F607926719392002E0A55 /* Frameworks */,
				361F607A26719392002E0A55 /* Resources */,
				316560EEF8780AD284497F14 /* [CP] Embed Pods Frameworks */,
			);
			buildRules = (
			);
			dependencies = (
				361F607E26719392002E0A55 /* PBXTargetDependency */,
			);
			name = SnapchatUITests;
			productName = SnapchatUITests;
			productReference = 361F607C26719392002E0A55 /* SnapchatUITests.xctest */;
			productType = "com.apple.product-type.bundle.ui-testing";
		};
/* End PBXNativeTarget section */

/* Begin PBXProject section */
		361F605326719390002E0A55 /* Project object */ = {
			isa = PBXProject;
			attributes = {
				LastSwiftUpdateCheck = 1240;
				LastUpgradeCheck = 1240;
				TargetAttributes = {
					361F605A26719390002E0A55 = {
						CreatedOnToolsVersion = 12.4;
					};
					361F607026719392002E0A55 = {
						CreatedOnToolsVersion = 12.4;
						TestTargetID = 361F605A26719390002E0A55;
					};
					361F607B26719392002E0A55 = {
						CreatedOnToolsVersion = 12.4;
						TestTargetID = 361F605A26719390002E0A55;
					};
				};
			};
			buildConfigurationList = 361F605626719390002E0A55 /* Build configuration list for PBXProject "Snapchat" */;
			compatibilityVersion = "Xcode 9.3";
			developmentRegion = en;
			hasScannedForEncodings = 0;
			knownRegions = (
				en,
				Base,
			);
			mainGroup = 361F605226719390002E0A55;
			productRefGroup = 361F605C26719390002E0A55 /* Products */;
			projectDirPath = "";
			projectRoot = "";
			targets = (
				361F605A26719390002E0A55 /* Snapchat */,
				361F607026719392002E0A55 /* SnapchatTests */,
				361F607B26719392002E0A55 /* SnapchatUITests */,
			);
		};
/* End PBXProject section */

/* Begin PBXResourcesBuildPhase section */
		361F605926719390002E0A55 /* Resources */ = {
			isa = PBXResourcesBuildPhase;
			buildActionMask = 2147483647;
			files = (
				361F606B26719392002E0A55 /* LaunchScreen.storyboard in Resources */,
				361F60952671949B002E0A55 /* GoogleService-Info.plist in Resources */,
				361F606826719392002E0A55 /* Assets.xcassets in Resources */,
				361F606626719390002E0A55 /* Main.storyboard in Resources */,
			);
			runOnlyForDeploymentPostprocessing = 0;
		};
		361F606F26719392002E0A55 /* Resources */ = {
			isa = PBXResourcesBuildPhase;
			buildActionMask = 2147483647;
			files = (
			);
			runOnlyForDeploymentPostprocessing = 0;
		};
		361F607A26719392002E0A55 /* Resources */ = {
			isa = PBXResourcesBuildPhase;
			buildActionMask = 2147483647;
			files = (
			);
			runOnlyForDeploymentPostprocessing = 0;
		};
/* End PBXResourcesBuildPhase section */

/* Begin PBXShellScriptBuildPhase section */
		316560EEF8780AD284497F14 /* [CP] Embed Pods Frameworks */ = {
			isa = PBXShellScriptBuildPhase;
			buildActionMask = 2147483647;
			files = (
			);
			inputFileListPaths = (
				"${PODS_ROOT}/Target Support Files/Pods-Snapchat-SnapchatUITests/Pods-Snapchat-SnapchatUITests-frameworks-${CONFIGURATION}-input-files.xcfilelist",
			);
			name = "[CP] Embed Pods Frameworks";
			outputFileListPaths = (
				"${PODS_ROOT}/Target Support Files/Pods-Snapchat-SnapchatUITests/Pods-Snapchat-SnapchatUITests-frameworks-${CONFIGURATION}-output-files.xcfilelist",
			);
			runOnlyForDeploymentPostprocessing = 0;
			shellPath = /bin/sh;
			shellScript = "\"${PODS_ROOT}/Target Support Files/Pods-Snapchat-SnapchatUITests/Pods-Snapchat-SnapchatUITests-frameworks.sh\"\n";
			showEnvVarsInLog = 0;
		};
		9445C8C809064F024541D53E /* [CP] Check Pods Manifest.lock */ = {
			isa = PBXShellScriptBuildPhase;
			buildActionMask = 2147483647;
			files = (
			);
			inputFileListPaths = (
			);
			inputPaths = (
				"${PODS_PODFILE_DIR_PATH}/Podfile.lock",
				"${PODS_ROOT}/Manifest.lock",
			);
			name = "[CP] Check Pods Manifest.lock";
			outputFileListPaths = (
			);
			outputPaths = (
				"$(DERIVED_FILE_DIR)/Pods-Snapchat-checkManifestLockResult.txt",
			);
			runOnlyForDeploymentPostprocessing = 0;
			shellPath = /bin/sh;
			shellScript = "diff \"${PODS_PODFILE_DIR_PATH}/Podfile.lock\" \"${PODS_ROOT}/Manifest.lock\" > /dev/null\nif [ $? != 0 ] ; then\n    # print error to STDERR\n    echo \"error: The sandbox is not in sync with the Podfile.lock. Run 'pod install' or update your CocoaPods installation.\" >&2\n    exit 1\nfi\n# This output is used by Xcode 'outputs' to avoid re-running this script phase.\necho \"SUCCESS\" > \"${SCRIPT_OUTPUT_FILE_0}\"\n";
			showEnvVarsInLog = 0;
		};
		C9242D4CAA8ED3CC0AC069ED /* [CP] Embed Pods Frameworks */ = {
			isa = PBXShellScriptBuildPhase;
			buildActionMask = 2147483647;
			files = (
			);
			inputFileListPaths = (
				"${PODS_ROOT}/Target Support Files/Pods-Snapchat/Pods-Snapchat-frameworks-${CONFIGURATION}-input-files.xcfilelist",
			);
			name = "[CP] Embed Pods Frameworks";
			outputFileListPaths = (
				"${PODS_ROOT}/Target Support Files/Pods-Snapchat/Pods-Snapchat-frameworks-${CONFIGURATION}-output-files.xcfilelist",
			);
			runOnlyForDeploymentPostprocessing = 0;
			shellPath = /bin/sh;
			shellScript = "\"${PODS_ROOT}/Target Support Files/Pods-Snapchat/Pods-Snapchat-frameworks.sh\"\n";
			showEnvVarsInLog = 0;
		};
		CDB0ECA70767452A1519E827 /* [CP] Check Pods Manifest.lock */ = {
			isa = PBXShellScriptBuildPhase;
			buildActionMask = 2147483647;
			files = (
			);
			inputFileListPaths = (
			);
			inputPaths = (
				"${PODS_PODFILE_DIR_PATH}/Podfile.lock",
				"${PODS_ROOT}/Manifest.lock",
			);
			name = "[CP] Check Pods Manifest.lock";
			outputFileListPaths = (
			);
			outputPaths = (
				"$(DERIVED_FILE_DIR)/Pods-SnapchatTests-checkManifestLockResult.txt",
			);
			runOnlyForDeploymentPostprocessing = 0;
			shellPath = /bin/sh;
			shellScript = "diff \"${PODS_PODFILE_DIR_PATH}/Podfile.lock\" \"${PODS_ROOT}/Manifest.lock\" > /dev/null\nif [ $? != 0 ] ; then\n    # print error to STDERR\n    echo \"error: The sandbox is not in sync with the Podfile.lock. Run 'pod install' or update your CocoaPods installation.\" >&2\n    exit 1\nfi\n# This output is used by Xcode 'outputs' to avoid re-running this script phase.\necho \"SUCCESS\" > \"${SCRIPT_OUTPUT_FILE_0}\"\n";
			showEnvVarsInLog = 0;
		};
		DC6D56D068F67FA52533BDF3 /* [CP] Check Pods Manifest.lock */ = {
			isa = PBXShellScriptBuildPhase;
			buildActionMask = 2147483647;
			files = (
			);
			inputFileListPaths = (
			);
			inputPaths = (
				"${PODS_PODFILE_DIR_PATH}/Podfile.lock",
				"${PODS_ROOT}/Manifest.lock",
			);
			name = "[CP] Check Pods Manifest.lock";
			outputFileListPaths = (
			);
			outputPaths = (
				"$(DERIVED_FILE_DIR)/Pods-Snapchat-SnapchatUITests-checkManifestLockResult.txt",
			);
			runOnlyForDeploymentPostprocessing = 0;
			shellPath = /bin/sh;
			shellScript = "diff \"${PODS_PODFILE_DIR_PATH}/Podfile.lock\" \"${PODS_ROOT}/Manifest.lock\" > /dev/null\nif [ $? != 0 ] ; then\n    # print error to STDERR\n    echo \"error: The sandbox is not in sync with the Podfile.lock. Run 'pod install' or update your CocoaPods installation.\" >&2\n    exit 1\nfi\n# This output is used by Xcode 'outputs' to avoid re-running this script phase.\necho \"SUCCESS\" > \"${SCRIPT_OUTPUT_FILE_0}\"\n";
			showEnvVarsInLog = 0;
		};
/* End PBXShellScriptBuildPhase section */

/* Begin PBXSourcesBuildPhase section */
		361F605726719390002E0A55 /* Sources */ = {
			isa = PBXSourcesBuildPhase;
			buildActionMask = 2147483647;
			files = (
				361F606326719390002E0A55 /* ViewController.swift in Sources */,
				361F605F26719390002E0A55 /* AppDelegate.swift in Sources */,
				361F606126719390002E0A55 /* SceneDelegate.swift in Sources */,
			);
			runOnlyForDeploymentPostprocessing = 0;
		};
		361F606D26719392002E0A55 /* Sources */ = {
			isa = PBXSourcesBuildPhase;
			buildActionMask = 2147483647;
			files = (
				361F607626719392002E0A55 /* SnapchatTests.swift in Sources */,
			);
			runOnlyForDeploymentPostprocessing = 0;
		};
		361F607826719392002E0A55 /* Sources */ = {
			isa = PBXSourcesBuildPhase;
			buildActionMask = 2147483647;
			files = (
				361F608126719392002E0A55 /* SnapchatUITests.swift in Sources */,
			);
			runOnlyForDeploymentPostprocessing = 0;
		};
/* End PBXSourcesBuildPhase section */

/* Begin PBXTargetDependency section */
		361F607326719392002E0A55 /* PBXTargetDependency */ = {
			isa = PBXTargetDependency;
			target = 361F605A26719390002E0A55 /* Snapchat */;
			targetProxy = 361F607226719392002E0A55 /* PBXContainerItemProxy */;
		};
		361F607E26719392002E0A55 /* PBXTargetDependency */ = {
			isa = PBXTargetDependency;
			target = 361F605A26719390002E0A55 /* Snapchat */;
			targetProxy = 361F607D26719392002E0A55 /* PBXContainerItemProxy */;
		};
/* End PBXTargetDependency section */

/* Begin PBXVariantGroup section */
		361F606426719390002E0A55 /* Main.storyboard */ = {
			isa = PBXVariantGroup;
			children = (
				361F606526719390002E0A55 /* Base */,
			);
			name = Main.storyboard;
			sourceTree = "<group>";
		};
		361F606926719392002E0A55 /* LaunchScreen.storyboard */ = {
			isa = PBXVariantGroup;
			children = (
				361F606A26719392002E0A55 /* Base */,
			);
			name = LaunchScreen.storyboard;
			sourceTree = "<group>";
		};
/* End PBXVariantGroup section */

/* Begin XCBuildConfiguration section */
		361F608326719392002E0A55 /* Debug */ = {
			isa = XCBuildConfiguration;
			buildSettings = {
				ALWAYS_SEARCH_USER_PATHS = NO;
				CLANG_ANALYZER_NONNULL = YES;
				CLANG_ANALYZER_NUMBER_OBJECT_CONVERSION = YES_AGGRESSIVE;
				CLANG_CXX_LANGUAGE_STANDARD = "gnu++14";
				CLANG_CXX_LIBRARY = "libc++";
				CLANG_ENABLE_MODULES = YES;
				CLANG_ENABLE_OBJC_ARC = YES;
				CLANG_ENABLE_OBJC_WEAK = YES;
				CLANG_WARN_BLOCK_CAPTURE_AUTORELEASING = YES;
				CLANG_WARN_BOOL_CONVERSION = YES;
				CLANG_WARN_COMMA = YES;
				CLANG_WARN_CONSTANT_CONVERSION = YES;
				CLANG_WARN_DEPRECATED_OBJC_IMPLEMENTATIONS = YES;
				CLANG_WARN_DIRECT_OBJC_ISA_USAGE = YES_ERROR;
				CLANG_WARN_DOCUMENTATION_COMMENTS = YES;
				CLANG_WARN_EMPTY_BODY = YES;
				CLANG_WARN_ENUM_CONVERSION = YES;
				CLANG_WARN_INFINITE_RECURSION = YES;
				CLANG_WARN_INT_CONVERSION = YES;
				CLANG_WARN_NON_LITERAL_NULL_CONVERSION = YES;
				CLANG_WARN_OBJC_IMPLICIT_RETAIN_SELF = YES;
				CLANG_WARN_OBJC_LITERAL_CONVERSION = YES;
				CLANG_WARN_OBJC_ROOT_CLASS = YES_ERROR;
				CLANG_WARN_QUOTED_INCLUDE_IN_FRAMEWORK_HEADER = YES;
				CLANG_WARN_RANGE_LOOP_ANALYSIS = YES;
				CLANG_WARN_STRICT_PROTOTYPES = YES;
				CLANG_WARN_SUSPICIOUS_MOVE = YES;
				CLANG_WARN_UNGUARDED_AVAILABILITY = YES_AGGRESSIVE;
				CLANG_WARN_UNREACHABLE_CODE = YES;
				CLANG_WARN__DUPLICATE_METHOD_MATCH = YES;
				COPY_PHASE_STRIP = NO;
				DEBUG_INFORMATION_FORMAT = dwarf;
				ENABLE_STRICT_OBJC_MSGSEND = YES;
				ENABLE_TESTABILITY = YES;
				GCC_C_LANGUAGE_STANDARD = gnu11;
				GCC_DYNAMIC_NO_PIC = NO;
				GCC_NO_COMMON_BLOCKS = YES;
				GCC_OPTIMIZATION_LEVEL = 0;
				GCC_PREPROCESSOR_DEFINITIONS = (
					"DEBUG=1",
					"$(inherited)",
				);
				GCC_WARN_64_TO_32_BIT_CONVERSION = YES;
				GCC_WARN_ABOUT_RETURN_TYPE = YES_ERROR;
				GCC_WARN_UNDECLARED_SELECTOR = YES;
				GCC_WARN_UNINITIALIZED_AUTOS = YES_AGGRESSIVE;
				GCC_WARN_UNUSED_FUNCTION = YES;
				GCC_WARN_UNUSED_VARIABLE = YES;
				IPHONEOS_DEPLOYMENT_TARGET = 14.4;
				MTL_ENABLE_DEBUG_INFO = INCLUDE_SOURCE;
				MTL_FAST_MATH = YES;
				ONLY_ACTIVE_ARCH = YES;
				SDKROOT = iphoneos;
				SWIFT_ACTIVE_COMPILATION_CONDITIONS = DEBUG;
				SWIFT_OPTIMIZATION_LEVEL = "-Onone";
			};
			name = Debug;
		};
		361F608426719392002E0A55 /* Release */ = {
			isa = XCBuildConfiguration;
			buildSettings = {
				ALWAYS_SEARCH_USER_PATHS = NO;
				CLANG_ANALYZER_NONNULL = YES;
				CLANG_ANALYZER_NUMBER_OBJECT_CONVERSION = YES_AGGRESSIVE;
				CLANG_CXX_LANGUAGE_STANDARD = "gnu++14";
				CLANG_CXX_LIBRARY = "libc++";
				CLANG_ENABLE_MODULES = YES;
				CLANG_ENABLE_OBJC_ARC = YES;
				CLANG_ENABLE_OBJC_WEAK = YES;
				CLANG_WARN_BLOCK_CAPTURE_AUTORELEASING = YES;
				CLANG_WARN_BOOL_CONVERSION = YES;
				CLANG_WARN_COMMA = YES;
				CLANG_WARN_CONSTANT_CONVERSION = YES;
				CLANG_WARN_DEPRECATED_OBJC_IMPLEMENTATIONS = YES;
				CLANG_WARN_DIRECT_OBJC_ISA_USAGE = YES_ERROR;
				CLANG_WARN_DOCUMENTATION_COMMENTS = YES;
				CLANG_WARN_EMPTY_BODY = YES;
				CLANG_WARN_ENUM_CONVERSION = YES;
				CLANG_WARN_INFINITE_RECURSION = YES;
				CLANG_WARN_INT_CONVERSION = YES;
				CLANG_WARN_NON_LITERAL_NULL_CONVERSION = YES;
				CLANG_WARN_OBJC_IMPLICIT_RETAIN_SELF = YES;
				CLANG_WARN_OBJC_LITERAL_CONVERSION = YES;
				CLANG_WARN_OBJC_ROOT_CLASS = YES_ERROR;
				CLANG_WARN_QUOTED_INCLUDE_IN_FRAMEWORK_HEADER = YES;
				CLANG_WARN_RANGE_LOOP_ANALYSIS = YES;
				CLANG_WARN_STRICT_PROTOTYPES = YES;
				CLANG_WARN_SUSPICIOUS_MOVE = YES;
				CLANG_WARN_UNGUARDED_AVAILABILITY = YES_AGGRESSIVE;
				CLANG_WARN_UNREACHABLE_CODE = YES;
				CLANG_WARN__DUPLICATE_METHOD_MATCH = YES;
				COPY_PHASE_STRIP = NO;
				DEBUG_INFORMATION_FORMAT = "dwarf-with-dsym";
				ENABLE_NS_ASSERTIONS = NO;
				ENABLE_STRICT_OBJC_MSGSEND = YES;
				GCC_C_LANGUAGE_STANDARD = gnu11;
				GCC_NO_COMMON_BLOCKS = YES;
				GCC_WARN_64_TO_32_BIT_CONVERSION = YES;
				GCC_WARN_ABOUT_RETURN_TYPE = YES_ERROR;
				GCC_WARN_UNDECLARED_SELECTOR = YES;
				GCC_WARN_UNINITIALIZED_AUTOS = YES_AGGRESSIVE;
				GCC_WARN_UNUSED_FUNCTION = YES;
				GCC_WARN_UNUSED_VARIABLE = YES;
				IPHONEOS_DEPLOYMENT_TARGET = 14.4;
				MTL_ENABLE_DEBUG_INFO = NO;
				MTL_FAST_MATH = YES;
				SDKROOT = iphoneos;
				SWIFT_COMPILATION_MODE = wholemodule;
				SWIFT_OPTIMIZATION_LEVEL = "-O";
				VALIDATE_PRODUCT = YES;
			};
			name = Release;
		};
		361F608626719392002E0A55 /* Debug */ = {
			isa = XCBuildConfiguration;
			baseConfigurationReference = D500C6E7E51FE89E19A78A95 /* Pods-Snapchat.debug.xcconfig */;
			buildSettings = {
				ASSETCATALOG_COMPILER_APPICON_NAME = AppIcon;
				ASSETCATALOG_COMPILER_GLOBAL_ACCENT_COLOR_NAME = AccentColor;
				CODE_SIGN_STYLE = Automatic;
				DEVELOPMENT_TEAM = RMZ9N2YZ23;
				INFOPLIST_FILE = Snapchat/Info.plist;
				LD_RUNPATH_SEARCH_PATHS = (
					"$(inherited)",
					"@executable_path/Frameworks",
				);
				PRODUCT_BUNDLE_IDENTIFIER = com.gustavorocha.Snapchat;
				PRODUCT_NAME = "$(TARGET_NAME)";
				SWIFT_VERSION = 5.0;
				TARGETED_DEVICE_FAMILY = 1;
			};
			name = Debug;
		};
		361F608726719392002E0A55 /* Release */ = {
			isa = XCBuildConfiguration;
			baseConfigurationReference = 4735EBA80B71FB5DFC13B964 /* Pods-Snapchat.release.xcconfig */;
			buildSettings = {
				ASSETCATALOG_COMPILER_APPICON_NAME = AppIcon;
				ASSETCATALOG_COMPILER_GLOBAL_ACCENT_COLOR_NAME = AccentColor;
				CODE_SIGN_STYLE = Automatic;
				DEVELOPMENT_TEAM = RMZ9N2YZ23;
				INFOPLIST_FILE = Snapchat/Info.plist;
				LD_RUNPATH_SEARCH_PATHS = (
					"$(inherited)",
					"@executable_path/Frameworks",
				);
				PRODUCT_BUNDLE_IDENTIFIER = com.gustavorocha.Snapchat;
				PRODUCT_NAME = "$(TARGET_NAME)";
				SWIFT_VERSION = 5.0;
				TARGETED_DEVICE_FAMILY = 1;
			};
			name = Release;
		};
		361F608926719392002E0A55 /* Debug */ = {
			isa = XCBuildConfiguration;
			baseConfigurationReference = 80C3B1341D7D0D7C7563A43F /* Pods-SnapchatTests.debug.xcconfig */;
			buildSettings = {
				ALWAYS_EMBED_SWIFT_STANDARD_LIBRARIES = YES;
				BUNDLE_LOADER = "$(TEST_HOST)";
				CODE_SIGN_STYLE = Automatic;
				DEVELOPMENT_TEAM = RMZ9N2YZ23;
				INFOPLIST_FILE = SnapchatTests/Info.plist;
				IPHONEOS_DEPLOYMENT_TARGET = 14.4;
				LD_RUNPATH_SEARCH_PATHS = (
					"$(inherited)",
					"@executable_path/Frameworks",
					"@loader_path/Frameworks",
				);
				PRODUCT_BUNDLE_IDENTIFIER = com.gustavorocha.SnapchatTests;
				PRODUCT_NAME = "$(TARGET_NAME)";
				SWIFT_VERSION = 5.0;
				TARGETED_DEVICE_FAMILY = "1,2";
				TEST_HOST = "$(BUILT_PRODUCTS_DIR)/Snapchat.app/Snapchat";
			};
			name = Debug;
		};
		361F608A26719392002E0A55 /* Release */ = {
			isa = XCBuildConfiguration;
			baseConfigurationReference = 8DCA9B9B1F59005B6148AF14 /* Pods-SnapchatTests.release.xcconfig */;
			buildSettings = {
				ALWAYS_EMBED_SWIFT_STANDARD_LIBRARIES = YES;
				BUNDLE_LOADER = "$(TEST_HOST)";
				CODE_SIGN_STYLE = Automatic;
				DEVELOPMENT_TEAM = RMZ9N2YZ23;
				INFOPLIST_FILE = SnapchatTests/Info.plist;
				IPHONEOS_DEPLOYMENT_TARGET = 14.4;
				LD_RUNPATH_SEARCH_PATHS = (
					"$(inherited)",
					"@executable_path/Frameworks",
					"@loader_path/Frameworks",
				);
				PRODUCT_BUNDLE_IDENTIFIER = com.gustavorocha.SnapchatTests;
				PRODUCT_NAME = "$(TARGET_NAME)";
				SWIFT_VERSION = 5.0;
				TARGETED_DEVICE_FAMILY = "1,2";
				TEST_HOST = "$(BUILT_PRODUCTS_DIR)/Snapchat.app/Snapchat";
			};
			name = Release;
		};
		361F608C26719392002E0A55 /* Debug */ = {
			isa = XCBuildConfiguration;
			baseConfigurationReference = EB430FB4B2567DB7892838B4 /* Pods-Snapchat-SnapchatUITests.debug.xcconfig */;
			buildSettings = {
				ALWAYS_EMBED_SWIFT_STANDARD_LIBRARIES = YES;
				CODE_SIGN_STYLE = Automatic;
				DEVELOPMENT_TEAM = RMZ9N2YZ23;
				INFOPLIST_FILE = SnapchatUITests/Info.plist;
				LD_RUNPATH_SEARCH_PATHS = (
					"$(inherited)",
					"@executable_path/Frameworks",
					"@loader_path/Frameworks",
				);
				PRODUCT_BUNDLE_IDENTIFIER = com.gustavorocha.SnapchatUITests;
				PRODUCT_NAME = "$(TARGET_NAME)";
				SWIFT_VERSION = 5.0;
				TARGETED_DEVICE_FAMILY = "1,2";
				TEST_TARGET_NAME = Snapchat;
			};
			name = Debug;
		};
		361F608D26719392002E0A55 /* Release */ = {
			isa = XCBuildConfiguration;
			baseConfigurationReference = 462E79021D163F262273AF4B /* Pods-Snapchat-SnapchatUITests.release.xcconfig */;
			buildSettings = {
				ALWAYS_EMBED_SWIFT_STANDARD_LIBRARIES = YES;
				CODE_SIGN_STYLE = Automatic;
				DEVELOPMENT_TEAM = RMZ9N2YZ23;
				INFOPLIST_FILE = SnapchatUITests/Info.plist;
				LD_RUNPATH_SEARCH_PATHS = (
					"$(inherited)",
					"@executable_path/Frameworks",
					"@loader_path/Frameworks",
				);
				PRODUCT_BUNDLE_IDENTIFIER = com.gustavorocha.SnapchatUITests;
				PRODUCT_NAME = "$(TARGET_NAME)";
				SWIFT_VERSION = 5.0;
				TARGETED_DEVICE_FAMILY = "1,2";
				TEST_TARGET_NAME = Snapchat;
			};
			name = Release;
		};
/* End XCBuildConfiguration section */

/* Begin XCConfigurationList section */
		361F605626719390002E0A55 /* Build configuration list for PBXProject "Snapchat" */ = {
			isa = XCConfigurationList;
			buildConfigurations = (
				361F608326719392002E0A55 /* Debug */,
				361F608426719392002E0A55 /* Release */,
			);
			defaultConfigurationIsVisible = 0;
			defaultConfigurationName = Release;
		};
		361F608526719392002E0A55 /* Build configuration list for PBXNativeTarget "Snapchat" */ = {
			isa = XCConfigurationList;
			buildConfigurations = (
				361F608626719392002E0A55 /* Debug */,
				361F608726719392002E0A55 /* Release */,
			);
			defaultConfigurationIsVisible = 0;
			defaultConfigurationName = Release;
		};
		361F608826719392002E0A55 /* Build configuration list for PBXNativeTarget "SnapchatTests" */ = {
			isa = XCConfigurationList;
			buildConfigurations = (
				361F608926719392002E0A55 /* Debug */,
				361F608A26719392002E0A55 /* Release */,
			);
			defaultConfigurationIsVisible = 0;
			defaultConfigurationName = Release;
		};
		361F608B26719392002E0A55 /* Build configuration list for PBXNativeTarget "SnapchatUITests" */ = {
			isa = XCConfigurationList;
			buildConfigurations = (
				361F608C26719392002E0A55 /* Debug */,
				361F608D26719392002E0A55 /* Release */,
			);
			defaultConfigurationIsVisible = 0;
			defaultConfigurationName = Release;
		};
/* End XCConfigurationList section */
	};
	rootObject = 361F605326719390002E0A55 /* Project object */;
}
